
Microsoft Visual Studio Solution File, Format Version 12.00
# Visual Studio Version 17
VisualStudioVersion = 17.3.32901.215
MinimumVisualStudioVersion = 10.0.40219.1
Project("{FAE04EC0-301F-11D3-BF4B-00C04F79EFBC}") = "ConsoleApp63", "ConsoleApp63.csproj", "{CAA7C7CD-3441-48B1-BB59-AD04B2762655}"
EndProject
Global
	GlobalSection(SolutionConfigurationPlatforms) = preSolution
		Debug|Any CPU = Debug|Any CPU
		Release|Any CPU = Release|Any CPU
	EndGlobalSection
	GlobalSection(ProjectConfigurationPlatforms) = postSolution
		{CAA7C7CD-3441-48B1-BB59-AD04B2762655}.Debug|Any CPU.ActiveCfg = Debug|Any CPU
		{CAA7C7CD-3441-48B1-BB59-AD04B2762655}.Debug|Any CPU.Build.0 = Debug|Any CPU
		{CAA7C7CD-3441-48B1-BB59-AD04B2762655}.Release|Any CPU.ActiveCfg = Release|Any CPU
		{CAA7C7CD-3441-48B1-BB59-AD04B2762655}.Release|Any CPU.Build.0 = Release|Any CPU
	EndGlobalSection
	GlobalSection(SolutionProperties) = preSolution
		HideSolutionNode = FALSE
	EndGlobalSection
	GlobalSection(ExtensibilityGlobals) = postSolution
		SolutionGuid = {2690F1B0-E734-4DFE-ADD3-3BD1712BB97E}
	EndGlobalSection
EndGlobal
